
Microsoft Visual Studio Solution File, Format Version 12.00
# Visual Studio Version 16
VisualStudioVersion = 16.0.31410.357
MinimumVisualStudioVersion = 10.0.40219.1
Project("{9A19103F-16F7-4668-BE54-9A1E7A4F7556}") = "Netflix.Entities", "NetFlix.Entities\Netflix.Entities.csproj", "{A0F5DFEC-E656-4472-A1C7-5171FE60DB5D}"
EndProject
Project("{9A19103F-16F7-4668-BE54-9A1E7A4F7556}") = "Netflix.DataAccess", "Netflix.DataAccess\Netflix.DataAccess.csproj", "{962D6095-554C-4D35-A96F-4EEC4E75DC84}"
EndProject
Project("{9A19103F-16F7-4668-BE54-9A1E7A4F7556}") = "Netflix.Business", "Netflix.Business\Netflix.Business.csproj", "{2EDE9052-1AFC-43E9-8CE1-0DE1C932CB69}"
EndProject
Project("{FAE04EC0-301F-11D3-BF4B-00C04F79EFBC}") = "NetFlix.API", "NetFlix.API\NetFlix.API.csproj", "{13FAE46A-9A2E-4A36-A0DF-FC513562785E}"
EndProject
Global
	GlobalSection(SolutionConfigurationPlatforms) = preSolution
		Debug|Any CPU = Debug|Any CPU
		Release|Any CPU = Release|Any CPU
	EndGlobalSection
	GlobalSection(ProjectConfigurationPlatforms) = postSolution
		{A0F5DFEC-E656-4472-A1C7-5171FE60DB5D}.Debug|Any CPU.ActiveCfg = Debug|Any CPU
		{A0F5DFEC-E656-4472-A1C7-5171FE60DB5D}.Debug|Any CPU.Build.0 = Debug|Any CPU
		{A0F5DFEC-E656-4472-A1C7-5171FE60DB5D}.Release|Any CPU.ActiveCfg = Release|Any CPU
		{A0F5DFEC-E656-4472-A1C7-5171FE60DB5D}.Release|Any CPU.Build.0 = Release|Any CPU
		{962D6095-554C-4D35-A96F-4EEC4E75DC84}.Debug|Any CPU.ActiveCfg = Debug|Any CPU
		{962D6095-554C-4D35-A96F-4EEC4E75DC84}.Debug|Any CPU.Build.0 = Debug|Any CPU
		{962D6095-554C-4D35-A96F-4EEC4E75DC84}.Release|Any CPU.ActiveCfg = Release|Any CPU
		{962D6095-554C-4D35-A96F-4EEC4E75DC84}.Release|Any CPU.Build.0 = Release|Any CPU
		{2EDE9052-1AFC-43E9-8CE1-0DE1C932CB69}.Debug|Any CPU.ActiveCfg = Debug|Any CPU
		{2EDE9052-1AFC-43E9-8CE1-0DE1C932CB69}.Debug|Any CPU.Build.0 = Debug|Any CPU
		{2EDE9052-1AFC-43E9-8CE1-0DE1C932CB69}.Release|Any CPU.ActiveCfg = Release|Any CPU
		{2EDE9052-1AFC-43E9-8CE1-0DE1C932CB69}.Release|Any CPU.Build.0 = Release|Any CPU
		{13FAE46A-9A2E-4A36-A0DF-FC513562785E}.Debug|Any CPU.ActiveCfg = Debug|Any CPU
		{13FAE46A-9A2E-4A36-A0DF-FC513562785E}.Debug|Any CPU.Build.0 = Debug|Any CPU
		{13FAE46A-9A2E-4A36-A0DF-FC513562785E}.Release|Any CPU.ActiveCfg = Release|Any CPU
		{13FAE46A-9A2E-4A36-A0DF-FC513562785E}.Release|Any CPU.Build.0 = Release|Any CPU
	EndGlobalSection
	GlobalSection(SolutionProperties) = preSolution
		HideSolutionNode = FALSE
	EndGlobalSection
	GlobalSection(ExtensibilityGlobals) = postSolution
		SolutionGuid = {37D276F1-45E0-400D-A413-C8DE49272581}
	EndGlobalSection
EndGlobal
